
Microsoft Visual Studio Solution File, Format Version 12.00
# Visual Studio 2013
VisualStudioVersion = 12.0.21005.1
MinimumVisualStudioVersion = 10.0.40219.1
Project("{FAE04EC0-301F-11D3-BF4B-00C04F79EFBC}") = "Covid19Project", "Covid19Project\Covid19Project.csproj", "{EE0C1877-2CDC-44C1-B22A-7486F16845CF}"
EndProject
Global
	GlobalSection(SolutionConfigurationPlatforms) = preSolution
		Debug|Any CPU = Debug|Any CPU
		Release|Any CPU = Release|Any CPU
	EndGlobalSection
	GlobalSection(ProjectConfigurationPlatforms) = postSolution
		{EE0C1877-2CDC-44C1-B22A-7486F16845CF}.Debug|Any CPU.ActiveCfg = Debug|Any CPU
		{EE0C1877-2CDC-44C1-B22A-7486F16845CF}.Debug|Any CPU.Build.0 = Debug|Any CPU
		{EE0C1877-2CDC-44C1-B22A-7486F16845CF}.Release|Any CPU.ActiveCfg = Release|Any CPU
		{EE0C1877-2CDC-44C1-B22A-7486F16845CF}.Release|Any CPU.Build.0 = Release|Any CPU
	EndGlobalSection
	GlobalSection(SolutionProperties) = preSolution
		HideSolutionNode = FALSE
	EndGlobalSection
EndGlobal
